
Microsoft Visual Studio Solution File, Format Version 12.00
# Visual Studio 15
VisualStudioVersion = 15.0.26228.9
MinimumVisualStudioVersion = 10.0.40219.1
Project("{FAE04EC0-301F-11D3-BF4B-00C04F79EFBC}") = "WebApi", "WebApi\WebApi.csproj", "{F416F760-0B0B-484E-84DC-E4DA2FBB6235}"
EndProject
Project("{FAE04EC0-301F-11D3-BF4B-00C04F79EFBC}") = "App", "App\App.csproj", "{62D48B08-9C81-4D49-8EB2-F05F31F46BD5}"
EndProject
Project("{FAE04EC0-301F-11D3-BF4B-00C04F79EFBC}") = "ClassLibrary", "ClassLibrary\ClassLibrary.csproj", "{B0AD4C08-E54C-4F0D-9C3A-EB83EA80A9C4}"
EndProject
Global
	GlobalSection(SolutionConfigurationPlatforms) = preSolution
		Debug|Any CPU = Debug|Any CPU
		Release|Any CPU = Release|Any CPU
	EndGlobalSection
	GlobalSection(ProjectConfigurationPlatforms) = postSolution
		{F416F760-0B0B-484E-84DC-E4DA2FBB6235}.Debug|Any CPU.ActiveCfg = Debug|Any CPU
		{F416F760-0B0B-484E-84DC-E4DA2FBB6235}.Debug|Any CPU.Build.0 = Debug|Any CPU
		{F416F760-0B0B-484E-84DC-E4DA2FBB6235}.Release|Any CPU.ActiveCfg = Release|Any CPU
		{F416F760-0B0B-484E-84DC-E4DA2FBB6235}.Release|Any CPU.Build.0 = Release|Any CPU
		{62D48B08-9C81-4D49-8EB2-F05F31F46BD5}.Debug|Any CPU.ActiveCfg = Debug|Any CPU
		{62D48B08-9C81-4D49-8EB2-F05F31F46BD5}.Debug|Any CPU.Build.0 = Debug|Any CPU
		{62D48B08-9C81-4D49-8EB2-F05F31F46BD5}.Release|Any CPU.ActiveCfg = Release|Any CPU
		{62D48B08-9C81-4D49-8EB2-F05F31F46BD5}.Release|Any CPU.Build.0 = Release|Any CPU
		{B0AD4C08-E54C-4F0D-9C3A-EB83EA80A9C4}.Debug|Any CPU.ActiveCfg = Debug|Any CPU
		{B0AD4C08-E54C-4F0D-9C3A-EB83EA80A9C4}.Debug|Any CPU.Build.0 = Debug|Any CPU
		{B0AD4C08-E54C-4F0D-9C3A-EB83EA80A9C4}.Release|Any CPU.ActiveCfg = Release|Any CPU
		{B0AD4C08-E54C-4F0D-9C3A-EB83EA80A9C4}.Release|Any CPU.Build.0 = Release|Any CPU
	EndGlobalSection
	GlobalSection(SolutionProperties) = preSolution
		HideSolutionNode = FALSE
	EndGlobalSection
EndGlobal
